
Microsoft Visual Studio Solution File, Format Version 12.00
# Visual Studio Version 17
VisualStudioVersion = 17.5.002.0
MinimumVisualStudioVersion = 10.0.40219.1
Project("{2150E333-8FDC-42A3-9474-1A3956D46DE8}") = "cc", "cc", "{401E0057-11C9-43F0-A1FF-49EB0AA09FED}"
EndProject
Project("{9A19103F-16F7-4668-BE54-9A1E7A4F7556}") = "10", "cc\10\10.csproj", "{2C860469-D7CA-44DC-8354-10C6E5459835}"
EndProject
Project("{9A19103F-16F7-4668-BE54-9A1E7A4F7556}") = "11", "cc\11\11.csproj", "{F4CBC482-88BC-4B22-9932-4DE63D5E19DB}"
EndProject
Project("{9A19103F-16F7-4668-BE54-9A1E7A4F7556}") = "12", "cc\12\12.csproj", "{AE2E2D4F-B391-4D57-8246-92D6D61B9962}"
EndProject
Project("{9A19103F-16F7-4668-BE54-9A1E7A4F7556}") = "123", "cc\123\123.csproj", "{00F3403F-6A84-4025-B72A-D99A252EB8CA}"
EndProject
Project("{9A19103F-16F7-4668-BE54-9A1E7A4F7556}") = "13", "cc\13\13.csproj", "{3251CEBF-F00B-4B19-AB95-BC0BB94C2C75}"
EndProject
Project("{9A19103F-16F7-4668-BE54-9A1E7A4F7556}") = "2_two_number", "cc\2_two_number\2_two_number.csproj", "{C03B0850-89E5-4B31-9696-B8A6B9164CE2}"
EndProject
Project("{9A19103F-16F7-4668-BE54-9A1E7A4F7556}") = "3_two_number", "cc\3_two_number\3_two_number.csproj", "{A19F5805-CA58-4C51-A361-E089219EC0EE}"
EndProject
Project("{9A19103F-16F7-4668-BE54-9A1E7A4F7556}") = "4_", "cc\4_\4_.csproj", "{E9AD73A1-FE37-4BBE-B379-8D05845A659F}"
EndProject
Project("{9A19103F-16F7-4668-BE54-9A1E7A4F7556}") = "5_", "cc\5_\5_.csproj", "{4BB34F98-A325-4316-88FD-6FFE0CCB92F6}"
EndProject
Project("{9A19103F-16F7-4668-BE54-9A1E7A4F7556}") = "6", "cc\6\6.csproj", "{8929F286-7F7D-43DB-B858-221C4C186710}"
EndProject
Project("{9A19103F-16F7-4668-BE54-9A1E7A4F7556}") = "7", "cc\7\7.csproj", "{E3573AF6-FA4F-4101-B41C-4B0CD0BB37C7}"
EndProject
Project("{9A19103F-16F7-4668-BE54-9A1E7A4F7556}") = "8", "cc\8\8.csproj", "{3A3017FF-BD7D-43B4-86F2-D74E486558F9}"
EndProject
Project("{9A19103F-16F7-4668-BE54-9A1E7A4F7556}") = "9", "cc\9\9.csproj", "{DB802561-BAE6-49D1-BC22-A9109463C16A}"
EndProject
Project("{9A19103F-16F7-4668-BE54-9A1E7A4F7556}") = "나머지 구하기", "cc\나머지 구하기\나머지 구하기.csproj", "{413E3EC6-9F05-43FA-BAB4-1B1F03455611}"
EndProject
Global
	GlobalSection(SolutionConfigurationPlatforms) = preSolution
		Debug|Any CPU = Debug|Any CPU
		Release|Any CPU = Release|Any CPU
	EndGlobalSection
	GlobalSection(ProjectConfigurationPlatforms) = postSolution
		{2C860469-D7CA-44DC-8354-10C6E5459835}.Debug|Any CPU.ActiveCfg = Debug|Any CPU
		{2C860469-D7CA-44DC-8354-10C6E5459835}.Debug|Any CPU.Build.0 = Debug|Any CPU
		{2C860469-D7CA-44DC-8354-10C6E5459835}.Release|Any CPU.ActiveCfg = Release|Any CPU
		{2C860469-D7CA-44DC-8354-10C6E5459835}.Release|Any CPU.Build.0 = Release|Any CPU
		{F4CBC482-88BC-4B22-9932-4DE63D5E19DB}.Debug|Any CPU.ActiveCfg = Debug|Any CPU
		{F4CBC482-88BC-4B22-9932-4DE63D5E19DB}.Debug|Any CPU.Build.0 = Debug|Any CPU
		{F4CBC482-88BC-4B22-9932-4DE63D5E19DB}.Release|Any CPU.ActiveCfg = Release|Any CPU
		{F4CBC482-88BC-4B22-9932-4DE63D5E19DB}.Release|Any CPU.Build.0 = Release|Any CPU
		{AE2E2D4F-B391-4D57-8246-92D6D61B9962}.Debug|Any CPU.ActiveCfg = Debug|Any CPU
		{AE2E2D4F-B391-4D57-8246-92D6D61B9962}.Debug|Any CPU.Build.0 = Debug|Any CPU
		{AE2E2D4F-B391-4D57-8246-92D6D61B9962}.Release|Any CPU.ActiveCfg = Release|Any CPU
		{AE2E2D4F-B391-4D57-8246-92D6D61B9962}.Release|Any CPU.Build.0 = Release|Any CPU
		{00F3403F-6A84-4025-B72A-D99A252EB8CA}.Debug|Any CPU.ActiveCfg = Debug|Any CPU
		{00F3403F-6A84-4025-B72A-D99A252EB8CA}.Debug|Any CPU.Build.0 = Debug|Any CPU
		{00F3403F-6A84-4025-B72A-D99A252EB8CA}.Release|Any CPU.ActiveCfg = Release|Any CPU
		{00F3403F-6A84-4025-B72A-D99A252EB8CA}.Release|Any CPU.Build.0 = Release|Any CPU
		{3251CEBF-F00B-4B19-AB95-BC0BB94C2C75}.Debug|Any CPU.ActiveCfg = Debug|Any CPU
		{3251CEBF-F00B-4B19-AB95-BC0BB94C2C75}.Debug|Any CPU.Build.0 = Debug|Any CPU
		{3251CEBF-F00B-4B19-AB95-BC0BB94C2C75}.Release|Any CPU.ActiveCfg = Release|Any CPU
		{3251CEBF-F00B-4B19-AB95-BC0BB94C2C75}.Release|Any CPU.Build.0 = Release|Any CPU
		{C03B0850-89E5-4B31-9696-B8A6B9164CE2}.Debug|Any CPU.ActiveCfg = Debug|Any CPU
		{C03B0850-89E5-4B31-9696-B8A6B9164CE2}.Debug|Any CPU.Build.0 = Debug|Any CPU
		{C03B0850-89E5-4B31-9696-B8A6B9164CE2}.Release|Any CPU.ActiveCfg = Release|Any CPU
		{C03B0850-89E5-4B31-9696-B8A6B9164CE2}.Release|Any CPU.Build.0 = Release|Any CPU
		{A19F5805-CA58-4C51-A361-E089219EC0EE}.Debug|Any CPU.ActiveCfg = Debug|Any CPU
		{A19F5805-CA58-4C51-A361-E089219EC0EE}.Debug|Any CPU.Build.0 = Debug|Any CPU
		{A19F5805-CA58-4C51-A361-E089219EC0EE}.Release|Any CPU.ActiveCfg = Release|Any CPU
		{A19F5805-CA58-4C51-A361-E089219EC0EE}.Release|Any CPU.Build.0 = Release|Any CPU
		{E9AD73A1-FE37-4BBE-B379-8D05845A659F}.Debug|Any CPU.ActiveCfg = Debug|Any CPU
		{E9AD73A1-FE37-4BBE-B379-8D05845A659F}.Debug|Any CPU.Build.0 = Debug|Any CPU
		{E9AD73A1-FE37-4BBE-B379-8D05845A659F}.Release|Any CPU.ActiveCfg = Release|Any CPU
		{E9AD73A1-FE37-4BBE-B379-8D05845A659F}.Release|Any CPU.Build.0 = Release|Any CPU
		{4BB34F98-A325-4316-88FD-6FFE0CCB92F6}.Debug|Any CPU.ActiveCfg = Debug|Any CPU
		{4BB34F98-A325-4316-88FD-6FFE0CCB92F6}.Debug|Any CPU.Build.0 = Debug|Any CPU
		{4BB34F98-A325-4316-88FD-6FFE0CCB92F6}.Release|Any CPU.ActiveCfg = Release|Any CPU
		{4BB34F98-A325-4316-88FD-6FFE0CCB92F6}.Release|Any CPU.Build.0 = Release|Any CPU
		{8929F286-7F7D-43DB-B858-221C4C186710}.Debug|Any CPU.ActiveCfg = Debug|Any CPU
		{8929F286-7F7D-43DB-B858-221C4C186710}.Debug|Any CPU.Build.0 = Debug|Any CPU
		{8929F286-7F7D-43DB-B858-221C4C186710}.Release|Any CPU.ActiveCfg = Release|Any CPU
		{8929F286-7F7D-43DB-B858-221C4C186710}.Release|Any CPU.Build.0 = Release|Any CPU
		{E3573AF6-FA4F-4101-B41C-4B0CD0BB37C7}.Debug|Any CPU.ActiveCfg = Debug|Any CPU
		{E3573AF6-FA4F-4101-B41C-4B0CD0BB37C7}.Debug|Any CPU.Build.0 = Debug|Any CPU
		{E3573AF6-FA4F-4101-B41C-4B0CD0BB37C7}.Release|Any CPU.ActiveCfg = Release|Any CPU
		{E3573AF6-FA4F-4101-B41C-4B0CD0BB37C7}.Release|Any CPU.Build.0 = Release|Any CPU
		{3A3017FF-BD7D-43B4-86F2-D74E486558F9}.Debug|Any CPU.ActiveCfg = Debug|Any CPU
		{3A3017FF-BD7D-43B4-86F2-D74E486558F9}.Debug|Any CPU.Build.0 = Debug|Any CPU
		{3A3017FF-BD7D-43B4-86F2-D74E486558F9}.Release|Any CPU.ActiveCfg = Release|Any CPU
		{3A3017FF-BD7D-43B4-86F2-D74E486558F9}.Release|Any CPU.Build.0 = Release|Any CPU
		{DB802561-BAE6-49D1-BC22-A9109463C16A}.Debug|Any CPU.ActiveCfg = Debug|Any CPU
		{DB802561-BAE6-49D1-BC22-A9109463C16A}.Debug|Any CPU.Build.0 = Debug|Any CPU
		{DB802561-BAE6-49D1-BC22-A9109463C16A}.Release|Any CPU.ActiveCfg = Release|Any CPU
		{DB802561-BAE6-49D1-BC22-A9109463C16A}.Release|Any CPU.Build.0 = Release|Any CPU
		{413E3EC6-9F05-43FA-BAB4-1B1F03455611}.Debug|Any CPU.ActiveCfg = Debug|Any CPU
		{413E3EC6-9F05-43FA-BAB4-1B1F03455611}.Debug|Any CPU.Build.0 = Debug|Any CPU
		{413E3EC6-9F05-43FA-BAB4-1B1F03455611}.Release|Any CPU.ActiveCfg = Release|Any CPU
		{413E3EC6-9F05-43FA-BAB4-1B1F03455611}.Release|Any CPU.Build.0 = Release|Any CPU
	EndGlobalSection
	GlobalSection(SolutionProperties) = preSolution
		HideSolutionNode = FALSE
	EndGlobalSection
	GlobalSection(NestedProjects) = preSolution
		{2C860469-D7CA-44DC-8354-10C6E5459835} = {401E0057-11C9-43F0-A1FF-49EB0AA09FED}
		{F4CBC482-88BC-4B22-9932-4DE63D5E19DB} = {401E0057-11C9-43F0-A1FF-49EB0AA09FED}
		{AE2E2D4F-B391-4D57-8246-92D6D61B9962} = {401E0057-11C9-43F0-A1FF-49EB0AA09FED}
		{00F3403F-6A84-4025-B72A-D99A252EB8CA} = {401E0057-11C9-43F0-A1FF-49EB0AA09FED}
		{3251CEBF-F00B-4B19-AB95-BC0BB94C2C75} = {401E0057-11C9-43F0-A1FF-49EB0AA09FED}
		{C03B0850-89E5-4B31-9696-B8A6B9164CE2} = {401E0057-11C9-43F0-A1FF-49EB0AA09FED}
		{A19F5805-CA58-4C51-A361-E089219EC0EE} = {401E0057-11C9-43F0-A1FF-49EB0AA09FED}
		{E9AD73A1-FE37-4BBE-B379-8D05845A659F} = {401E0057-11C9-43F0-A1FF-49EB0AA09FED}
		{4BB34F98-A325-4316-88FD-6FFE0CCB92F6} = {401E0057-11C9-43F0-A1FF-49EB0AA09FED}
		{8929F286-7F7D-43DB-B858-221C4C186710} = {401E0057-11C9-43F0-A1FF-49EB0AA09FED}
		{E3573AF6-FA4F-4101-B41C-4B0CD0BB37C7} = {401E0057-11C9-43F0-A1FF-49EB0AA09FED}
		{3A3017FF-BD7D-43B4-86F2-D74E486558F9} = {401E0057-11C9-43F0-A1FF-49EB0AA09FED}
		{DB802561-BAE6-49D1-BC22-A9109463C16A} = {401E0057-11C9-43F0-A1FF-49EB0AA09FED}
		{413E3EC6-9F05-43FA-BAB4-1B1F03455611} = {401E0057-11C9-43F0-A1FF-49EB0AA09FED}
	EndGlobalSection
	GlobalSection(ExtensibilityGlobals) = postSolution
		SolutionGuid = {0AABE878-96DA-4203-9152-4825230095E4}
	EndGlobalSection
EndGlobal
